
Microsoft Visual Studio Solution File, Format Version 12.00
# Visual Studio Version 17
VisualStudioVersion = 17.6.33815.320
MinimumVisualStudioVersion = 10.0.40219.1
Project("{8BC9CEB8-8B4A-11D0-8D11-00A0C91BC942}") = "FastGridFittingApp", "FastGridFittingApp\FastGridFittingApp.vcxproj", "{F0F2C504-EE15-4162-B44D-2E0C4BA0E809}"
EndProject
Global
	GlobalSection(SolutionConfigurationPlatforms) = preSolution
		Debug|x64 = Debug|x64
		Release|x64 = Release|x64
	EndGlobalSection
	GlobalSection(ProjectConfigurationPlatforms) = postSolution
		{F0F2C504-EE15-4162-B44D-2E0C4BA0E809}.Debug|x64.ActiveCfg = Debug|x64
		{F0F2C504-EE15-4162-B44D-2E0C4BA0E809}.Debug|x64.Build.0 = Debug|x64
		{F0F2C504-EE15-4162-B44D-2E0C4BA0E809}.Release|x64.ActiveCfg = Release|x64
		{F0F2C504-EE15-4162-B44D-2E0C4BA0E809}.Release|x64.Build.0 = Release|x64
	EndGlobalSection
	GlobalSection(SolutionProperties) = preSolution
		HideSolutionNode = FALSE
	EndGlobalSection
	GlobalSection(ExtensibilityGlobals) = postSolution
		SolutionGuid = {805F5302-7586-476C-BC12-788B1C53C839}
	EndGlobalSection
EndGlobal
